
Microsoft Visual Studio Solution File, Format Version 12.00
# Visual Studio Version 16
VisualStudioVersion = 16.0.31624.102
MinimumVisualStudioVersion = 10.0.40219.1
Project("{FAE04EC0-301F-11D3-BF4B-00C04F79EFBC}") = "TestHalcon", "TestHalcon\TestHalcon.csproj", "{8A2A0297-DECF-4377-B7EF-F3435A78B8C0}"
EndProject
Global
	GlobalSection(SolutionConfigurationPlatforms) = preSolution
		Debug|Any CPU = Debug|Any CPU
		Release|Any CPU = Release|Any CPU
	EndGlobalSection
	GlobalSection(ProjectConfigurationPlatforms) = postSolution
		{8A2A0297-DECF-4377-B7EF-F3435A78B8C0}.Debug|Any CPU.ActiveCfg = Debug|Any CPU
		{8A2A0297-DECF-4377-B7EF-F3435A78B8C0}.Debug|Any CPU.Build.0 = Debug|Any CPU
		{8A2A0297-DECF-4377-B7EF-F3435A78B8C0}.Release|Any CPU.ActiveCfg = Release|Any CPU
		{8A2A0297-DECF-4377-B7EF-F3435A78B8C0}.Release|Any CPU.Build.0 = Release|Any CPU
	EndGlobalSection
	GlobalSection(SolutionProperties) = preSolution
		HideSolutionNode = FALSE
	EndGlobalSection
	GlobalSection(ExtensibilityGlobals) = postSolution
		SolutionGuid = {A106163D-20E1-41A7-AACE-D9D7A30CF493}
	EndGlobalSection
EndGlobal
