
Microsoft Visual Studio Solution File, Format Version 12.00
# Visual Studio 15
VisualStudioVersion = 15.0.28307.1622
MinimumVisualStudioVersion = 10.0.40219.1
Project("{FAE04EC0-301F-11D3-BF4B-00C04F79EFBC}") = "ToolS", "Tool\ToolS.csproj", "{69AB1F25-CC03-4A58-BDC9-2FC0111AA872}"
EndProject
Global
	GlobalSection(SolutionConfigurationPlatforms) = preSolution
		Debug|Any CPU = Debug|Any CPU
		Release|Any CPU = Release|Any CPU
	EndGlobalSection
	GlobalSection(ProjectConfigurationPlatforms) = postSolution
		{69AB1F25-CC03-4A58-BDC9-2FC0111AA872}.Debug|Any CPU.ActiveCfg = Debug|Any CPU
		{69AB1F25-CC03-4A58-BDC9-2FC0111AA872}.Debug|Any CPU.Build.0 = Debug|Any CPU
		{69AB1F25-CC03-4A58-BDC9-2FC0111AA872}.Release|Any CPU.ActiveCfg = Release|Any CPU
		{69AB1F25-CC03-4A58-BDC9-2FC0111AA872}.Release|Any CPU.Build.0 = Release|Any CPU
	EndGlobalSection
	GlobalSection(SolutionProperties) = preSolution
		HideSolutionNode = FALSE
	EndGlobalSection
	GlobalSection(ExtensibilityGlobals) = postSolution
		SolutionGuid = {1E66DE23-324F-4586-BA95-B53256F6AC1C}
	EndGlobalSection
EndGlobal
